
Microsoft Visual Studio Solution File, Format Version 12.00
# Visual Studio Version 17
VisualStudioVersion = 17.2.32630.192
MinimumVisualStudioVersion = 10.0.40219.1
Project("{FAE04EC0-301F-11D3-BF4B-00C04F79EFBC}") = "ConsolasAndTelim", "ConsolasAndTelim.csproj", "{C7045EE4-F39C-424F-9AB7-0DE465842685}"
EndProject
Global
	GlobalSection(SolutionConfigurationPlatforms) = preSolution
		Debug|Any CPU = Debug|Any CPU
		Release|Any CPU = Release|Any CPU
	EndGlobalSection
	GlobalSection(ProjectConfigurationPlatforms) = postSolution
		{C7045EE4-F39C-424F-9AB7-0DE465842685}.Debug|Any CPU.ActiveCfg = Debug|Any CPU
		{C7045EE4-F39C-424F-9AB7-0DE465842685}.Debug|Any CPU.Build.0 = Debug|Any CPU
		{C7045EE4-F39C-424F-9AB7-0DE465842685}.Release|Any CPU.ActiveCfg = Release|Any CPU
		{C7045EE4-F39C-424F-9AB7-0DE465842685}.Release|Any CPU.Build.0 = Release|Any CPU
	EndGlobalSection
	GlobalSection(SolutionProperties) = preSolution
		HideSolutionNode = FALSE
	EndGlobalSection
	GlobalSection(ExtensibilityGlobals) = postSolution
		SolutionGuid = {959D5F3F-B742-443A-B021-E212EEE125F4}
	EndGlobalSection
EndGlobal
